
Microsoft Visual Studio Solution File, Format Version 12.00
Project("{FAE04EC0-301F-11D3-BF4B-00C04F79EFBC}") = "TMPS0", "TMPS0\TMPS0.csproj", "{97043A66-9CDD-44E9-9E6A-0622F29AFA4C}"
EndProject
Project("{FAE04EC0-301F-11D3-BF4B-00C04F79EFBC}") = "TMPS", "TMPS\TMPS.csproj", "{DBFF49F2-DD4D-4BC4-841C-E75587AC81B1}"
EndProject
Project("{FAE04EC0-301F-11D3-BF4B-00C04F79EFBC}") = "TMPS2", "TMPS2\TMPS2.csproj", "{D26927D3-698E-426D-90B8-EB394B2ADB0A}"
EndProject
Project("{2150E333-8FDC-42A3-9474-1A3956D46DE8}") = "Solution Items", "Solution Items", "{F123DB23-B997-4AC0-9624-1EBB9F9FC010}"
EndProject
Project("{FAE04EC0-301F-11D3-BF4B-00C04F79EFBC}") = "TMPS3", "TMPS3\TMPS3.csproj", "{D25AAECF-5A95-4A98-8F69-B62D9181BF4C}"
EndProject
Global
	GlobalSection(SolutionConfigurationPlatforms) = preSolution
		Debug|Any CPU = Debug|Any CPU
		Release|Any CPU = Release|Any CPU
	EndGlobalSection
	GlobalSection(ProjectConfigurationPlatforms) = postSolution
		{97043A66-9CDD-44E9-9E6A-0622F29AFA4C}.Debug|Any CPU.ActiveCfg = Debug|Any CPU
		{97043A66-9CDD-44E9-9E6A-0622F29AFA4C}.Debug|Any CPU.Build.0 = Debug|Any CPU
		{97043A66-9CDD-44E9-9E6A-0622F29AFA4C}.Release|Any CPU.ActiveCfg = Release|Any CPU
		{97043A66-9CDD-44E9-9E6A-0622F29AFA4C}.Release|Any CPU.Build.0 = Release|Any CPU
		{DBFF49F2-DD4D-4BC4-841C-E75587AC81B1}.Debug|Any CPU.ActiveCfg = Debug|Any CPU
		{DBFF49F2-DD4D-4BC4-841C-E75587AC81B1}.Debug|Any CPU.Build.0 = Debug|Any CPU
		{DBFF49F2-DD4D-4BC4-841C-E75587AC81B1}.Release|Any CPU.ActiveCfg = Release|Any CPU
		{DBFF49F2-DD4D-4BC4-841C-E75587AC81B1}.Release|Any CPU.Build.0 = Release|Any CPU
		{D26927D3-698E-426D-90B8-EB394B2ADB0A}.Debug|Any CPU.ActiveCfg = Debug|Any CPU
		{D26927D3-698E-426D-90B8-EB394B2ADB0A}.Debug|Any CPU.Build.0 = Debug|Any CPU
		{D26927D3-698E-426D-90B8-EB394B2ADB0A}.Release|Any CPU.ActiveCfg = Release|Any CPU
		{D26927D3-698E-426D-90B8-EB394B2ADB0A}.Release|Any CPU.Build.0 = Release|Any CPU
		{D25AAECF-5A95-4A98-8F69-B62D9181BF4C}.Debug|Any CPU.ActiveCfg = Debug|Any CPU
		{D25AAECF-5A95-4A98-8F69-B62D9181BF4C}.Debug|Any CPU.Build.0 = Debug|Any CPU
		{D25AAECF-5A95-4A98-8F69-B62D9181BF4C}.Release|Any CPU.ActiveCfg = Release|Any CPU
		{D25AAECF-5A95-4A98-8F69-B62D9181BF4C}.Release|Any CPU.Build.0 = Release|Any CPU
	EndGlobalSection
EndGlobal
